
Microsoft Visual Studio Solution File, Format Version 12.00
# Visual Studio Version 17
VisualStudioVersion = 17.0.31903.59
MinimumVisualStudioVersion = 10.0.40219.1
Project("{2150E333-8FDC-42A3-9474-1A3956D46DE8}") = "src", "src", "{827E0CD3-B72D-47B6-A68D-7590B98EB39B}"
EndProject
Project("{FAE04EC0-301F-11D3-BF4B-00C04F79EFBC}") = "Umbraco.Community.Forms.Workflows", "src\Umbraco.Community.Forms.Workflows\Umbraco.Community.Forms.Workflows.csproj", "{B7DAC89E-3B47-4394-96C2-DF1955365DFA}"
EndProject
Project("{FAE04EC0-301F-11D3-BF4B-00C04F79EFBC}") = "Forms.Test", "src\Forms.Test\Forms.Test.csproj", "{A5445900-5A76-49CF-9D75-8DF2BA5B0993}"
EndProject
Global
	GlobalSection(SolutionConfigurationPlatforms) = preSolution
		Debug|Any CPU = Debug|Any CPU
		Debug|x64 = Debug|x64
		Debug|x86 = Debug|x86
		Release|Any CPU = Release|Any CPU
		Release|x64 = Release|x64
		Release|x86 = Release|x86
	EndGlobalSection
	GlobalSection(ProjectConfigurationPlatforms) = postSolution
		{B7DAC89E-3B47-4394-96C2-DF1955365DFA}.Debug|Any CPU.ActiveCfg = Debug|Any CPU
		{B7DAC89E-3B47-4394-96C2-DF1955365DFA}.Debug|Any CPU.Build.0 = Debug|Any CPU
		{B7DAC89E-3B47-4394-96C2-DF1955365DFA}.Debug|x64.ActiveCfg = Debug|Any CPU
		{B7DAC89E-3B47-4394-96C2-DF1955365DFA}.Debug|x64.Build.0 = Debug|Any CPU
		{B7DAC89E-3B47-4394-96C2-DF1955365DFA}.Debug|x86.ActiveCfg = Debug|Any CPU
		{B7DAC89E-3B47-4394-96C2-DF1955365DFA}.Debug|x86.Build.0 = Debug|Any CPU
		{B7DAC89E-3B47-4394-96C2-DF1955365DFA}.Release|Any CPU.ActiveCfg = Release|Any CPU
		{B7DAC89E-3B47-4394-96C2-DF1955365DFA}.Release|Any CPU.Build.0 = Release|Any CPU
		{B7DAC89E-3B47-4394-96C2-DF1955365DFA}.Release|x64.ActiveCfg = Release|Any CPU
		{B7DAC89E-3B47-4394-96C2-DF1955365DFA}.Release|x64.Build.0 = Release|Any CPU
		{B7DAC89E-3B47-4394-96C2-DF1955365DFA}.Release|x86.ActiveCfg = Release|Any CPU
		{B7DAC89E-3B47-4394-96C2-DF1955365DFA}.Release|x86.Build.0 = Release|Any CPU
		{A5445900-5A76-49CF-9D75-8DF2BA5B0993}.Debug|Any CPU.ActiveCfg = Debug|Any CPU
		{A5445900-5A76-49CF-9D75-8DF2BA5B0993}.Debug|Any CPU.Build.0 = Debug|Any CPU
		{A5445900-5A76-49CF-9D75-8DF2BA5B0993}.Debug|x64.ActiveCfg = Debug|Any CPU
		{A5445900-5A76-49CF-9D75-8DF2BA5B0993}.Debug|x64.Build.0 = Debug|Any CPU
		{A5445900-5A76-49CF-9D75-8DF2BA5B0993}.Debug|x86.ActiveCfg = Debug|Any CPU
		{A5445900-5A76-49CF-9D75-8DF2BA5B0993}.Debug|x86.Build.0 = Debug|Any CPU
		{A5445900-5A76-49CF-9D75-8DF2BA5B0993}.Release|Any CPU.ActiveCfg = Release|Any CPU
		{A5445900-5A76-49CF-9D75-8DF2BA5B0993}.Release|Any CPU.Build.0 = Release|Any CPU
		{A5445900-5A76-49CF-9D75-8DF2BA5B0993}.Release|x64.ActiveCfg = Release|Any CPU
		{A5445900-5A76-49CF-9D75-8DF2BA5B0993}.Release|x64.Build.0 = Release|Any CPU
		{A5445900-5A76-49CF-9D75-8DF2BA5B0993}.Release|x86.ActiveCfg = Release|Any CPU
		{A5445900-5A76-49CF-9D75-8DF2BA5B0993}.Release|x86.Build.0 = Release|Any CPU
	EndGlobalSection
	GlobalSection(SolutionProperties) = preSolution
		HideSolutionNode = FALSE
	EndGlobalSection
	GlobalSection(NestedProjects) = preSolution
		{B7DAC89E-3B47-4394-96C2-DF1955365DFA} = {827E0CD3-B72D-47B6-A68D-7590B98EB39B}
		{A5445900-5A76-49CF-9D75-8DF2BA5B0993} = {827E0CD3-B72D-47B6-A68D-7590B98EB39B}
	EndGlobalSection
EndGlobal
